
Microsoft Visual Studio Solution File, Format Version 12.00
# Visual Studio Version 17
VisualStudioVersion = 17.9.34902.65
MinimumVisualStudioVersion = 10.0.40219.1
Project("{FAE04EC0-301F-11D3-BF4B-00C04F79EFBC}") = "EmployeeAdminPortal", "EmployeeAdminPortal\EmployeeAdminPortal.csproj", "{F472FA99-463C-4656-ABD0-C1B5B11303F7}"
EndProject
Global
	GlobalSection(SolutionConfigurationPlatforms) = preSolution
		Debug|Any CPU = Debug|Any CPU
		Release|Any CPU = Release|Any CPU
	EndGlobalSection
	GlobalSection(ProjectConfigurationPlatforms) = postSolution
		{F472FA99-463C-4656-ABD0-C1B5B11303F7}.Debug|Any CPU.ActiveCfg = Debug|Any CPU
		{F472FA99-463C-4656-ABD0-C1B5B11303F7}.Debug|Any CPU.Build.0 = Debug|Any CPU
		{F472FA99-463C-4656-ABD0-C1B5B11303F7}.Release|Any CPU.ActiveCfg = Release|Any CPU
		{F472FA99-463C-4656-ABD0-C1B5B11303F7}.Release|Any CPU.Build.0 = Release|Any CPU
	EndGlobalSection
	GlobalSection(SolutionProperties) = preSolution
		HideSolutionNode = FALSE
	EndGlobalSection
	GlobalSection(ExtensibilityGlobals) = postSolution
		SolutionGuid = {7C50A4B0-2B75-4AF9-B4AA-1429F8B931DD}
	EndGlobalSection
EndGlobal
